// !$*UTF8*$!
{
	archiveVersion = 1;
	classes = {
	};
	objectVersion = 50;
	objects = {

/* Begin PBXBuildFile section */
		1918C0EF25088216004305FB /* AppDelegate.swift in Sources */ = {isa = PBXBuildFile; fileRef = 1918C0EE25088216004305FB /* AppDelegate.swift */; };
		1918C0F125088216004305FB /* SceneDelegate.swift in Sources */ = {isa = PBXBuildFile; fileRef = 1918C0F025088216004305FB /* SceneDelegate.swift */; };
		1918C0F325088216004305FB /* ViewController.swift in Sources */ = {isa = PBXBuildFile; fileRef = 1918C0F225088216004305FB /* ViewController.swift */; };
		1918C0F625088216004305FB /* Main.storyboard in Resources */ = {isa = PBXBuildFile; fileRef = 1918C0F425088216004305FB /* Main.storyboard */; };
		1918C0F825088219004305FB /* Assets.xcassets in Resources */ = {isa = PBXBuildFile; fileRef = 1918C0F725088219004305FB /* Assets.xcassets */; };
		1918C0FB25088219004305FB /* LaunchScreen.storyboard in Resources */ = {isa = PBXBuildFile; fileRef = 1918C0F925088219004305FB /* LaunchScreen.storyboard */; };
		1918C10325089118004305FB /* Constants.swift in Sources */ = {isa = PBXBuildFile; fileRef = 1918C10225089118004305FB /* Constants.swift */; };
		1918C105250891DC004305FB /* Video.swift in Sources */ = {isa = PBXBuildFile; fileRef = 1918C104250891DC004305FB /* Video.swift */; };
		1918C1072508922F004305FB /* VideoModel.swift in Sources */ = {isa = PBXBuildFile; fileRef = 1918C1062508922F004305FB /* VideoModel.swift */; };
		19AB432D250A150F0077B0AB /* Response.swift in Sources */ = {isa = PBXBuildFile; fileRef = 19AB432C250A150F0077B0AB /* Response.swift */; };
		19C9C0A2250A37A300CEA0B3 /* VideoTableViewCell.swift in Sources */ = {isa = PBXBuildFile; fileRef = 19C9C0A1250A37A300CEA0B3 /* VideoTableViewCell.swift */; };
		19C9C0A4250A3D1F00CEA0B3 /* CacheManager.swift in Sources */ = {isa = PBXBuildFile; fileRef = 19C9C0A3250A3D1F00CEA0B3 /* CacheManager.swift */; };
		19C9C0A6250A3F8500CEA0B3 /* DetailViewController.swift in Sources */ = {isa = PBXBuildFile; fileRef = 19C9C0A5250A3F8500CEA0B3 /* DetailViewController.swift */; };
		19EAE923250A45A4008D4D10 /* WebKit.framework in Frameworks */ = {isa = PBXBuildFile; fileRef = 19EAE922250A45A4008D4D10 /* WebKit.framework */; };
/* End PBXBuildFile section */

/* Begin PBXFileReference section */
		1918C0EB25088216004305FB /* Youtube.app */ = {isa = PBXFileReference; explicitFileType = wrapper.application; includeInIndex = 0; path = Youtube.app; sourceTree = BUILT_PRODUCTS_DIR; };
		1918C0EE25088216004305FB /* AppDelegate.swift */ = {isa = PBXFileReference; lastKnownFileType = sourcecode.swift; path = AppDelegate.swift; sourceTree = "<group>"; };
		1918C0F025088216004305FB /* SceneDelegate.swift */ = {isa = PBXFileReference; lastKnownFileType = sourcecode.swift; path = SceneDelegate.swift; sourceTree = "<group>"; };
		1918C0F225088216004305FB /* ViewController.swift */ = {isa = PBXFileReference; lastKnownFileType = sourcecode.swift; path = ViewController.swift; sourceTree = "<group>"; };
		1918C0F525088216004305FB /* Base */ = {isa = PBXFileReference; lastKnownFileType = file.storyboard; name = Base; path = Base.lproj/Main.storyboard; sourceTree = "<group>"; };
		1918C0F725088219004305FB /* Assets.xcassets */ = {isa = PBXFileReference; lastKnownFileType = folder.assetcatalog; path = Assets.xcassets; sourceTree = "<group>"; };
		1918C0FA25088219004305FB /* Base */ = {isa = PBXFileReference; lastKnownFileType = file.storyboard; name = Base; path = Base.lproj/LaunchScreen.storyboard; sourceTree = "<group>"; };
		1918C0FC25088219004305FB /* Info.plist */ = {isa = PBXFileReference; lastKnownFileType = text.plist.xml; path = Info.plist; sourceTree = "<group>"; };
		1918C10225089118004305FB /* Constants.swift */ = {isa = PBXFileReference; lastKnownFileType = sourcecode.swift; name = Constants.swift; path = ../Constants.swift; sourceTree = "<group>"; };
		1918C104250891DC004305FB /* Video.swift */ = {isa = PBXFileReference; lastKnownFileType = sourcecode.swift; path = Video.swift; sourceTree = "<group>"; };
		1918C1062508922F004305FB /* VideoModel.swift */ = {isa = PBXFileReference; lastKnownFileType = sourcecode.swift; path = VideoModel.swift; sourceTree = "<group>"; };
		19AB432C250A150F0077B0AB /* Response.swift */ = {isa = PBXFileReference; lastKnownFileType = sourcecode.swift; path = Response.swift; sourceTree = "<group>"; };
		19C9C0A1250A37A300CEA0B3 /* VideoTableViewCell.swift */ = {isa = PBXFileReference; lastKnownFileType = sourcecode.swift; path = VideoTableViewCell.swift; sourceTree = "<group>"; };
		19C9C0A3250A3D1F00CEA0B3 /* CacheManager.swift */ = {isa = PBXFileReference; lastKnownFileType = sourcecode.swift; path = CacheManager.swift; sourceTree = "<group>"; };
		19C9C0A5250A3F8500CEA0B3 /* DetailViewController.swift */ = {isa = PBXFileReference; lastKnownFileType = sourcecode.swift; path = DetailViewController.swift; sourceTree = "<group>"; };
		19EAE922250A45A4008D4D10 /* WebKit.framework */ = {isa = PBXFileReference; lastKnownFileType = wrapper.framework; name = WebKit.framework; path = System/Library/Frameworks/WebKit.framework; sourceTree = SDKROOT; };
/* End PBXFileReference section */

/* Begin PBXFrameworksBuildPhase section */
		1918C0E825088216004305FB /* Frameworks */ = {
			isa = PBXFrameworksBuildPhase;
			buildActionMask = 2147483647;
			files = (
				19EAE923250A45A4008D4D10 /* WebKit.framework in Frameworks */,
			);
			runOnlyForDeploymentPostprocessing = 0;
		};
/* End PBXFrameworksBuildPhase section */

/* Begin PBXGroup section */
		1918C0E225088216004305FB = {
			isa = PBXGroup;
			children = (
				1918C0ED25088216004305FB /* Youtube */,
				1918C0EC25088216004305FB /* Products */,
				19EAE921250A45A3008D4D10 /* Frameworks */,
			);
			sourceTree = "<group>";
		};
		1918C0EC25088216004305FB /* Products */ = {
			isa = PBXGroup;
			children = (
				1918C0EB25088216004305FB /* Youtube.app */,
			);
			name = Products;
			sourceTree = "<group>";
		};
		1918C0ED25088216004305FB /* Youtube */ = {
			isa = PBXGroup;
			children = (
				19C9C0A0250A34F300CEA0B3 /* views */,
				19C9C09F250A34C700CEA0B3 /* network */,
				19C9C09E250A34BA00CEA0B3 /* helpers */,
				19C9C09D250A34B100CEA0B3 /* storyboard */,
				19C9C09C250A34AC00CEA0B3 /* model */,
				19C9C09B250A34A500CEA0B3 /* controllers */,
				1918C0EE25088216004305FB /* AppDelegate.swift */,
				1918C0F025088216004305FB /* SceneDelegate.swift */,
				1918C0F725088219004305FB /* Assets.xcassets */,
				1918C0F925088219004305FB /* LaunchScreen.storyboard */,
				1918C0FC25088219004305FB /* Info.plist */,
			);
			path = Youtube;
			sourceTree = "<group>";
		};
		19C9C09B250A34A500CEA0B3 /* controllers */ = {
			isa = PBXGroup;
			children = (
				1918C0F225088216004305FB /* ViewController.swift */,
				19C9C0A5250A3F8500CEA0B3 /* DetailViewController.swift */,
			);
			path = controllers;
			sourceTree = "<group>";
		};
		19C9C09C250A34AC00CEA0B3 /* model */ = {
			isa = PBXGroup;
			children = (
				1918C104250891DC004305FB /* Video.swift */,
				1918C1062508922F004305FB /* VideoModel.swift */,
			);
			path = model;
			sourceTree = "<group>";
		};
		19C9C09D250A34B100CEA0B3 /* storyboard */ = {
			isa = PBXGroup;
			children = (
				1918C0F425088216004305FB /* Main.storyboard */,
			);
			path = storyboard;
			sourceTree = "<group>";
		};
		19C9C09E250A34BA00CEA0B3 /* helpers */ = {
			isa = PBXGroup;
			children = (
				1918C10225089118004305FB /* Constants.swift */,
				19C9C0A3250A3D1F00CEA0B3 /* CacheManager.swift */,
			);
			path = helpers;
			sourceTree = "<group>";
		};
		19C9C09F250A34C700CEA0B3 /* network */ = {
			isa = PBXGroup;
			children = (
				19AB432C250A150F0077B0AB /* Response.swift */,
			);
			path = network;
			sourceTree = "<group>";
		};
		19C9C0A0250A34F300CEA0B3 /* views */ = {
			isa = PBXGroup;
			children = (
				19C9C0A1250A37A300CEA0B3 /* VideoTableViewCell.swift */,
			);
			path = views;
			sourceTree = "<group>";
		};
		19EAE921250A45A3008D4D10 /* Frameworks */ = {
			isa = PBXGroup;
			children = (
				19EAE922250A45A4008D4D10 /* WebKit.framework */,
			);
			name = Frameworks;
			sourceTree = "<group>";
		};
/* End PBXGroup section */

/* Begin PBXNativeTarget section */
		1918C0EA25088216004305FB /* Youtube */ = {
			isa = PBXNativeTarget;
			buildConfigurationList = 1918C0FF25088219004305FB /* Build configuration list for PBXNativeTarget "Youtube" */;
			buildPhases = (
				1918C0E725088216004305FB /* Sources */,
				1918C0E825088216004305FB /* Frameworks */,
				1918C0E925088216004305FB /* Resources */,
			);
			buildRules = (
			);
			dependencies = (
			);
			name = Youtube;
			productName = Youtube;
			productReference = 1918C0EB25088216004305FB /* Youtube.app */;
			productType = "com.apple.product-type.application";
		};
/* End PBXNativeTarget section */

/* Begin PBXProject section */
		1918C0E325088216004305FB /* Project object */ = {
			isa = PBXProject;
			attributes = {
				LastSwiftUpdateCheck = 1170;
				LastUpgradeCheck = 1170;
				ORGANIZATIONNAME = "Tulsi Vanol";
				TargetAttributes = {
					1918C0EA25088216004305FB = {
						CreatedOnToolsVersion = 11.7;
					};
				};
			};
			buildConfigurationList = 1918C0E625088216004305FB /* Build configuration list for PBXProject "Youtube" */;
			compatibilityVersion = "Xcode 9.3";
			developmentRegion = en;
			hasScannedForEncodings = 0;
			knownRegions = (
				en,
				Base,
			);
			mainGroup = 1918C0E225088216004305FB;
			productRefGroup = 1918C0EC25088216004305FB /* Products */;
			projectDirPath = "";
			projectRoot = "";
			targets = (
				1918C0EA25088216004305FB /* Youtube */,
			);
		};
/* End PBXProject section */

/* Begin PBXResourcesBuildPhase section */
		1918C0E925088216004305FB /* Resources */ = {
			isa = PBXResourcesBuildPhase;
			buildActionMask = 2147483647;
			files = (
				1918C0FB25088219004305FB /* LaunchScreen.storyboard in Resources */,
				1918C0F825088219004305FB /* Assets.xcassets in Resources */,
				1918C0F625088216004305FB /* Main.storyboard in Resources */,
			);
			runOnlyForDeploymentPostprocessing = 0;
		};
/* End PBXResourcesBuildPhase section */

/* Begin PBXSourcesBuildPhase section */
		1918C0E725088216004305FB /* Sources */ = {
			isa = PBXSourcesBuildPhase;
			buildActionMask = 2147483647;
			files = (
				1918C0F325088216004305FB /* ViewController.swift in Sources */,
				19C9C0A4250A3D1F00CEA0B3 /* CacheManager.swift in Sources */,
				1918C1072508922F004305FB /* VideoModel.swift in Sources */,
				1918C0EF25088216004305FB /* AppDelegate.swift in Sources */,
				1918C0F125088216004305FB /* SceneDelegate.swift in Sources */,
				1918C10325089118004305FB /* Constants.swift in Sources */,
				19C9C0A2250A37A300CEA0B3 /* VideoTableViewCell.swift in Sources */,
				19C9C0A6250A3F8500CEA0B3 /* DetailViewController.swift in Sources */,
				1918C105250891DC004305FB /* Video.swift in Sources */,
				19AB432D250A150F0077B0AB /* Response.swift in Sources */,
			);
			runOnlyForDeploymentPostprocessing = 0;
		};
/* End PBXSourcesBuildPhase section */

/* Begin PBXVariantGroup section */
		1918C0F425088216004305FB /* Main.storyboard */ = {
			isa = PBXVariantGroup;
			children = (
				1918C0F525088216004305FB /* Base */,
			);
			name = Main.storyboard;
			sourceTree = "<group>";
		};
		1918C0F925088219004305FB /* LaunchScreen.storyboard */ = {
			isa = PBXVariantGroup;
			children = (
				1918C0FA25088219004305FB /* Base */,
			);
			name = LaunchScreen.storyboard;
			sourceTree = "<group>";
		};
/* End PBXVariantGroup section */

/* Begin XCBuildConfiguration section */
		1918C0FD25088219004305FB /* Debug */ = {
			isa = XCBuildConfiguration;
			buildSettings = {
				ALWAYS_SEARCH_USER_PATHS = NO;
				CLANG_ANALYZER_NONNULL = YES;
				CLANG_ANALYZER_NUMBER_OBJECT_CONVERSION = YES_AGGRESSIVE;
				CLANG_CXX_LANGUAGE_STANDARD = "gnu++14";
				CLANG_CXX_LIBRARY = "libc++";
				CLANG_ENABLE_MODULES = YES;
				CLANG_ENABLE_OBJC_ARC = YES;
				CLANG_ENABLE_OBJC_WEAK = YES;
				CLANG_WARN_BLOCK_CAPTURE_AUTORELEASING = YES;
				CLANG_WARN_BOOL_CONVERSION = YES;
				CLANG_WARN_COMMA = YES;
				CLANG_WARN_CONSTANT_CONVERSION = YES;
				CLANG_WARN_DEPRECATED_OBJC_IMPLEMENTATIONS = YES;
				CLANG_WARN_DIRECT_OBJC_ISA_USAGE = YES_ERROR;
				CLANG_WARN_DOCUMENTATION_COMMENTS = YES;
				CLANG_WARN_EMPTY_BODY = YES;
				CLANG_WARN_ENUM_CONVERSION = YES;
				CLANG_WARN_INFINITE_RECURSION = YES;
				CLANG_WARN_INT_CONVERSION = YES;
				CLANG_WARN_NON_LITERAL_NULL_CONVERSION = YES;
				CLANG_WARN_OBJC_IMPLICIT_RETAIN_SELF = YES;
				CLANG_WARN_OBJC_LITERAL_CONVERSION = YES;
				CLANG_WARN_OBJC_ROOT_CLASS = YES_ERROR;
				CLANG_WARN_RANGE_LOOP_ANALYSIS = YES;
				CLANG_WARN_STRICT_PROTOTYPES = YES;
				CLANG_WARN_SUSPICIOUS_MOVE = YES;
				CLANG_WARN_UNGUARDED_AVAILABILITY = YES_AGGRESSIVE;
				CLANG_WARN_UNREACHABLE_CODE = YES;
				CLANG_WARN__DUPLICATE_METHOD_MATCH = YES;
				COPY_PHASE_STRIP = NO;
				DEBUG_INFORMATION_FORMAT = dwarf;
				ENABLE_STRICT_OBJC_MSGSEND = YES;
				ENABLE_TESTABILITY = YES;
				GCC_C_LANGUAGE_STANDARD = gnu11;
				GCC_DYNAMIC_NO_PIC = NO;
				GCC_NO_COMMON_BLOCKS = YES;
				GCC_OPTIMIZATION_LEVEL = 0;
				GCC_PREPROCESSOR_DEFINITIONS = (
					"DEBUG=1",
					"$(inherited)",
				);
				GCC_WARN_64_TO_32_BIT_CONVERSION = YES;
				GCC_WARN_ABOUT_RETURN_TYPE = YES_ERROR;
				GCC_WARN_UNDECLARED_SELECTOR = YES;
				GCC_WARN_UNINITIALIZED_AUTOS = YES_AGGRESSIVE;
				GCC_WARN_UNUSED_FUNCTION = YES;
				GCC_WARN_UNUSED_VARIABLE = YES;
				IPHONEOS_DEPLOYMENT_TARGET = 13.7;
				MTL_ENABLE_DEBUG_INFO = INCLUDE_SOURCE;
				MTL_FAST_MATH = YES;
				ONLY_ACTIVE_ARCH = YES;
				SDKROOT = iphoneos;
				SWIFT_ACTIVE_COMPILATION_CONDITIONS = DEBUG;
				SWIFT_OPTIMIZATION_LEVEL = "-Onone";
			};
			name = Debug;
		};
		1918C0FE25088219004305FB /* Release */ = {
			isa = XCBuildConfiguration;
			buildSettings = {
				ALWAYS_SEARCH_USER_PATHS = NO;
				CLANG_ANALYZER_NONNULL = YES;
				CLANG_ANALYZER_NUMBER_OBJECT_CONVERSION = YES_AGGRESSIVE;
				CLANG_CXX_LANGUAGE_STANDARD = "gnu++14";
				CLANG_CXX_LIBRARY = "libc++";
				CLANG_ENABLE_MODULES = YES;
				CLANG_ENABLE_OBJC_ARC = YES;
				CLANG_ENABLE_OBJC_WEAK = YES;
				CLANG_WARN_BLOCK_CAPTURE_AUTORELEASING = YES;
				CLANG_WARN_BOOL_CONVERSION = YES;
				CLANG_WARN_COMMA = YES;
				CLANG_WARN_CONSTANT_CONVERSION = YES;
				CLANG_WARN_DEPRECATED_OBJC_IMPLEMENTATIONS = YES;
				CLANG_WARN_DIRECT_OBJC_ISA_USAGE = YES_ERROR;
				CLANG_WARN_DOCUMENTATION_COMMENTS = YES;
				CLANG_WARN_EMPTY_BODY = YES;
				CLANG_WARN_ENUM_CONVERSION = YES;
				CLANG_WARN_INFINITE_RECURSION = YES;
				CLANG_WARN_INT_CONVERSION = YES;
				CLANG_WARN_NON_LITERAL_NULL_CONVERSION = YES;
				CLANG_WARN_OBJC_IMPLICIT_RETAIN_SELF = YES;
				CLANG_WARN_OBJC_LITERAL_CONVERSION = YES;
				CLANG_WARN_OBJC_ROOT_CLASS = YES_ERROR;
				CLANG_WARN_RANGE_LOOP_ANALYSIS = YES;
				CLANG_WARN_STRICT_PROTOTYPES = YES;
				CLANG_WARN_SUSPICIOUS_MOVE = YES;
				CLANG_WARN_UNGUARDED_AVAILABILITY = YES_AGGRESSIVE;
				CLANG_WARN_UNREACHABLE_CODE = YES;
				CLANG_WARN__DUPLICATE_METHOD_MATCH = YES;
				COPY_PHASE_STRIP = NO;
				DEBUG_INFORMATION_FORMAT = "dwarf-with-dsym";
				ENABLE_NS_ASSERTIONS = NO;
				ENABLE_STRICT_OBJC_MSGSEND = YES;
				GCC_C_LANGUAGE_STANDARD = gnu11;
				GCC_NO_COMMON_BLOCKS = YES;
				GCC_WARN_64_TO_32_BIT_CONVERSION = YES;
				GCC_WARN_ABOUT_RETURN_TYPE = YES_ERROR;
				GCC_WARN_UNDECLARED_SELECTOR = YES;
				GCC_WARN_UNINITIALIZED_AUTOS = YES_AGGRESSIVE;
				GCC_WARN_UNUSED_FUNCTION = YES;
				GCC_WARN_UNUSED_VARIABLE = YES;
				IPHONEOS_DEPLOYMENT_TARGET = 13.7;
				MTL_ENABLE_DEBUG_INFO = NO;
				MTL_FAST_MATH = YES;
				SDKROOT = iphoneos;
				SWIFT_COMPILATION_MODE = wholemodule;
				SWIFT_OPTIMIZATION_LEVEL = "-O";
				VALIDATE_PRODUCT = YES;
			};
			name = Release;
		};
		1918C10025088219004305FB /* Debug */ = {
			isa = XCBuildConfiguration;
			buildSettings = {
				ASSETCATALOG_COMPILER_APPICON_NAME = AppIcon;
				CODE_SIGN_STYLE = Automatic;
				DEVELOPMENT_TEAM = SP83WFVXUM;
				INFOPLIST_FILE = Youtube/Info.plist;
				LD_RUNPATH_SEARCH_PATHS = (
					"$(inherited)",
					"@executable_path/Frameworks",
				);
				PRODUCT_BUNDLE_IDENTIFIER = com.tulsivanol.coder.Youtube;
				PRODUCT_NAME = "$(TARGET_NAME)";
				SWIFT_VERSION = 5.0;
				TARGETED_DEVICE_FAMILY = "1,2";
			};
			name = Debug;
		};
		1918C10125088219004305FB /* Release */ = {
			isa = XCBuildConfiguration;
			buildSettings = {
				ASSETCATALOG_COMPILER_APPICON_NAME = AppIcon;
				CODE_SIGN_STYLE = Automatic;
				DEVELOPMENT_TEAM = SP83WFVXUM;
				INFOPLIST_FILE = Youtube/Info.plist;
				LD_RUNPATH_SEARCH_PATHS = (
					"$(inherited)",
					"@executable_path/Frameworks",
				);
				PRODUCT_BUNDLE_IDENTIFIER = com.tulsivanol.coder.Youtube;
				PRODUCT_NAME = "$(TARGET_NAME)";
				SWIFT_VERSION = 5.0;
				TARGETED_DEVICE_FAMILY = "1,2";
			};
			name = Release;
		};
/* End XCBuildConfiguration section */

/* Begin XCConfigurationList section */
		1918C0E625088216004305FB /* Build configuration list for PBXProject "Youtube" */ = {
			isa = XCConfigurationList;
			buildConfigurations = (
				1918C0FD25088219004305FB /* Debug */,
				1918C0FE25088219004305FB /* Release */,
			);
			defaultConfigurationIsVisible = 0;
			defaultConfigurationName = Release;
		};
		1918C0FF25088219004305FB /* Build configuration list for PBXNativeTarget "Youtube" */ = {
			isa = XCConfigurationList;
			buildConfigurations = (
				1918C10025088219004305FB /* Debug */,
				1918C10125088219004305FB /* Release */,
			);
			defaultConfigurationIsVisible = 0;
			defaultConfigurationName = Release;
		};
/* End XCConfigurationList section */
	};
	rootObject = 1918C0E325088216004305FB /* Project object */;
}
